
Microsoft Visual Studio Solution File, Format Version 12.00
# Visual Studio Version 16
VisualStudioVersion = 16.0.29728.190
MinimumVisualStudioVersion = 10.0.40219.1
Project("{FAE04EC0-301F-11D3-BF4B-00C04F79EFBC}") = "PTC", "PTC\PTC.csproj", "{608FD73D-FDEF-4502-8B92-8502B8755186}"
EndProject
Project("{FAE04EC0-301F-11D3-BF4B-00C04F79EFBC}") = "PTCData", "PTCData\PTCData.csproj", "{8D9FC672-F9CF-4BFD-BD11-E1AE7DED471E}"
EndProject
Project("{FAE04EC0-301F-11D3-BF4B-00C04F79EFBC}") = "PTCCommon", "PTCCommon\PTCCommon.csproj", "{F6A84C34-69FB-493B-A641-C6D52FE9A9D9}"
EndProject
Global
	GlobalSection(SolutionConfigurationPlatforms) = preSolution
		Debug|Any CPU = Debug|Any CPU
		Release|Any CPU = Release|Any CPU
	EndGlobalSection
	GlobalSection(ProjectConfigurationPlatforms) = postSolution
		{608FD73D-FDEF-4502-8B92-8502B8755186}.Debug|Any CPU.ActiveCfg = Debug|Any CPU
		{608FD73D-FDEF-4502-8B92-8502B8755186}.Debug|Any CPU.Build.0 = Debug|Any CPU
		{608FD73D-FDEF-4502-8B92-8502B8755186}.Release|Any CPU.ActiveCfg = Release|Any CPU
		{608FD73D-FDEF-4502-8B92-8502B8755186}.Release|Any CPU.Build.0 = Release|Any CPU
		{8D9FC672-F9CF-4BFD-BD11-E1AE7DED471E}.Debug|Any CPU.ActiveCfg = Debug|Any CPU
		{8D9FC672-F9CF-4BFD-BD11-E1AE7DED471E}.Debug|Any CPU.Build.0 = Debug|Any CPU
		{8D9FC672-F9CF-4BFD-BD11-E1AE7DED471E}.Release|Any CPU.ActiveCfg = Release|Any CPU
		{8D9FC672-F9CF-4BFD-BD11-E1AE7DED471E}.Release|Any CPU.Build.0 = Release|Any CPU
		{F6A84C34-69FB-493B-A641-C6D52FE9A9D9}.Debug|Any CPU.ActiveCfg = Debug|Any CPU
		{F6A84C34-69FB-493B-A641-C6D52FE9A9D9}.Debug|Any CPU.Build.0 = Debug|Any CPU
		{F6A84C34-69FB-493B-A641-C6D52FE9A9D9}.Release|Any CPU.ActiveCfg = Release|Any CPU
		{F6A84C34-69FB-493B-A641-C6D52FE9A9D9}.Release|Any CPU.Build.0 = Release|Any CPU
	EndGlobalSection
	GlobalSection(SolutionProperties) = preSolution
		HideSolutionNode = FALSE
	EndGlobalSection
	GlobalSection(ExtensibilityGlobals) = postSolution
		SolutionGuid = {63A176DE-85B6-4ADF-B7D3-D4D2AC083A98}
	EndGlobalSection
EndGlobal
